
Microsoft Visual Studio Solution File, Format Version 12.00
# Visual Studio Version 17
VisualStudioVersion = 17.5.002.0
MinimumVisualStudioVersion = 10.0.40219.1
Project("{9A19103F-16F7-4668-BE54-9A1E7A4F7556}") = "Project_Diary", "Project_Diary.csproj", "{9FF728B2-B2BE-4FE4-BE68-A68860837848}"
EndProject
Global
	GlobalSection(SolutionConfigurationPlatforms) = preSolution
		Debug|Any CPU = Debug|Any CPU
		Release|Any CPU = Release|Any CPU
	EndGlobalSection
	GlobalSection(ProjectConfigurationPlatforms) = postSolution
		{9FF728B2-B2BE-4FE4-BE68-A68860837848}.Debug|Any CPU.ActiveCfg = Debug|Any CPU
		{9FF728B2-B2BE-4FE4-BE68-A68860837848}.Debug|Any CPU.Build.0 = Debug|Any CPU
		{9FF728B2-B2BE-4FE4-BE68-A68860837848}.Release|Any CPU.ActiveCfg = Release|Any CPU
		{9FF728B2-B2BE-4FE4-BE68-A68860837848}.Release|Any CPU.Build.0 = Release|Any CPU
	EndGlobalSection
	GlobalSection(SolutionProperties) = preSolution
		HideSolutionNode = FALSE
	EndGlobalSection
	GlobalSection(ExtensibilityGlobals) = postSolution
		SolutionGuid = {4D604E9F-0D3F-4256-9097-CB27C0AF9A11}
	EndGlobalSection
EndGlobal
